
Microsoft Visual Studio Solution File, Format Version 10.00
# Visual C# Express 2008
Project("{FAE04EC0-301F-11D3-BF4B-00C04F79EFBC}") = "RaspberryRoad.TempusFugit", "RaspberryRoad.TempusFugit.csproj", "{1EFB17DD-6171-47D4-9DAA-BF636083DFFE}"
EndProject
Project("{FAE04EC0-301F-11D3-BF4B-00C04F79EFBC}") = "SkinnedModelWindows", "..\SkinnedModel\SkinnedModelWindows.csproj", "{0D41E29B-829F-4255-BCA5-64DC2677DA6D}"
EndProject
Project("{FAE04EC0-301F-11D3-BF4B-00C04F79EFBC}") = "SkinnedModelPipeline", "..\SkinnedModelPipeline\SkinnedModelPipeline.csproj", "{007DFB20-8DAF-4088-BB0A-C5EB0282E679}"
EndProject
Project("{FAE04EC0-301F-11D3-BF4B-00C04F79EFBC}") = "RaspberryRoad.TempusFugit.Tests", "..\RaspberryRoad.TempusFugit.Tests\RaspberryRoad.TempusFugit.Tests.csproj", "{153DEAB8-46B5-4C64-AF2F-40832543D617}"
EndProject
Global
	GlobalSection(SolutionConfigurationPlatforms) = preSolution
		Debug|Any CPU = Debug|Any CPU
		Debug|Mixed Platforms = Debug|Mixed Platforms
		Debug|x86 = Debug|x86
		Debug|Xbox 360 = Debug|Xbox 360
		Release|Any CPU = Release|Any CPU
		Release|Mixed Platforms = Release|Mixed Platforms
		Release|x86 = Release|x86
		Release|Xbox 360 = Release|Xbox 360
	EndGlobalSection
	GlobalSection(ProjectConfigurationPlatforms) = postSolution
		{1EFB17DD-6171-47D4-9DAA-BF636083DFFE}.Debug|Any CPU.ActiveCfg = Debug|x86
		{1EFB17DD-6171-47D4-9DAA-BF636083DFFE}.Debug|Mixed Platforms.ActiveCfg = Debug|x86
		{1EFB17DD-6171-47D4-9DAA-BF636083DFFE}.Debug|Mixed Platforms.Build.0 = Debug|x86
		{1EFB17DD-6171-47D4-9DAA-BF636083DFFE}.Debug|x86.ActiveCfg = Debug|x86
		{1EFB17DD-6171-47D4-9DAA-BF636083DFFE}.Debug|x86.Build.0 = Debug|x86
		{1EFB17DD-6171-47D4-9DAA-BF636083DFFE}.Debug|Xbox 360.ActiveCfg = Debug|x86
		{1EFB17DD-6171-47D4-9DAA-BF636083DFFE}.Release|Any CPU.ActiveCfg = Release|x86
		{1EFB17DD-6171-47D4-9DAA-BF636083DFFE}.Release|Mixed Platforms.ActiveCfg = Release|x86
		{1EFB17DD-6171-47D4-9DAA-BF636083DFFE}.Release|Mixed Platforms.Build.0 = Release|x86
		{1EFB17DD-6171-47D4-9DAA-BF636083DFFE}.Release|x86.ActiveCfg = Release|x86
		{1EFB17DD-6171-47D4-9DAA-BF636083DFFE}.Release|x86.Build.0 = Release|x86
		{1EFB17DD-6171-47D4-9DAA-BF636083DFFE}.Release|Xbox 360.ActiveCfg = Release|x86
		{0D41E29B-829F-4255-BCA5-64DC2677DA6D}.Debug|Any CPU.ActiveCfg = Debug|Xbox 360
		{0D41E29B-829F-4255-BCA5-64DC2677DA6D}.Debug|Mixed Platforms.ActiveCfg = Debug|Xbox 360
		{0D41E29B-829F-4255-BCA5-64DC2677DA6D}.Debug|Mixed Platforms.Build.0 = Debug|Xbox 360
		{0D41E29B-829F-4255-BCA5-64DC2677DA6D}.Debug|x86.ActiveCfg = Debug|x86
		{0D41E29B-829F-4255-BCA5-64DC2677DA6D}.Debug|x86.Build.0 = Debug|x86
		{0D41E29B-829F-4255-BCA5-64DC2677DA6D}.Debug|Xbox 360.ActiveCfg = Debug|Xbox 360
		{0D41E29B-829F-4255-BCA5-64DC2677DA6D}.Debug|Xbox 360.Build.0 = Debug|Xbox 360
		{0D41E29B-829F-4255-BCA5-64DC2677DA6D}.Release|Any CPU.ActiveCfg = Release|Xbox 360
		{0D41E29B-829F-4255-BCA5-64DC2677DA6D}.Release|Mixed Platforms.ActiveCfg = Release|Xbox 360
		{0D41E29B-829F-4255-BCA5-64DC2677DA6D}.Release|Mixed Platforms.Build.0 = Release|Xbox 360
		{0D41E29B-829F-4255-BCA5-64DC2677DA6D}.Release|x86.ActiveCfg = Release|x86
		{0D41E29B-829F-4255-BCA5-64DC2677DA6D}.Release|x86.Build.0 = Release|x86
		{0D41E29B-829F-4255-BCA5-64DC2677DA6D}.Release|Xbox 360.ActiveCfg = Release|Xbox 360
		{0D41E29B-829F-4255-BCA5-64DC2677DA6D}.Release|Xbox 360.Build.0 = Release|Xbox 360
		{007DFB20-8DAF-4088-BB0A-C5EB0282E679}.Debug|Any CPU.ActiveCfg = Debug|Xbox 360
		{007DFB20-8DAF-4088-BB0A-C5EB0282E679}.Debug|Mixed Platforms.ActiveCfg = Debug|Xbox 360
		{007DFB20-8DAF-4088-BB0A-C5EB0282E679}.Debug|Mixed Platforms.Build.0 = Debug|Xbox 360
		{007DFB20-8DAF-4088-BB0A-C5EB0282E679}.Debug|x86.ActiveCfg = Debug|x86
		{007DFB20-8DAF-4088-BB0A-C5EB0282E679}.Debug|x86.Build.0 = Debug|x86
		{007DFB20-8DAF-4088-BB0A-C5EB0282E679}.Debug|Xbox 360.ActiveCfg = Debug|Xbox 360
		{007DFB20-8DAF-4088-BB0A-C5EB0282E679}.Debug|Xbox 360.Build.0 = Debug|Xbox 360
		{007DFB20-8DAF-4088-BB0A-C5EB0282E679}.Release|Any CPU.ActiveCfg = Release|Xbox 360
		{007DFB20-8DAF-4088-BB0A-C5EB0282E679}.Release|Mixed Platforms.ActiveCfg = Release|Xbox 360
		{007DFB20-8DAF-4088-BB0A-C5EB0282E679}.Release|Mixed Platforms.Build.0 = Release|Xbox 360
		{007DFB20-8DAF-4088-BB0A-C5EB0282E679}.Release|x86.ActiveCfg = Release|x86
		{007DFB20-8DAF-4088-BB0A-C5EB0282E679}.Release|x86.Build.0 = Release|x86
		{007DFB20-8DAF-4088-BB0A-C5EB0282E679}.Release|Xbox 360.ActiveCfg = Release|Xbox 360
		{007DFB20-8DAF-4088-BB0A-C5EB0282E679}.Release|Xbox 360.Build.0 = Release|Xbox 360
		{153DEAB8-46B5-4C64-AF2F-40832543D617}.Debug|Any CPU.ActiveCfg = Debug|Any CPU
		{153DEAB8-46B5-4C64-AF2F-40832543D617}.Debug|Any CPU.Build.0 = Debug|Any CPU
		{153DEAB8-46B5-4C64-AF2F-40832543D617}.Debug|Mixed Platforms.ActiveCfg = Debug|Any CPU
		{153DEAB8-46B5-4C64-AF2F-40832543D617}.Debug|Mixed Platforms.Build.0 = Debug|Any CPU
		{153DEAB8-46B5-4C64-AF2F-40832543D617}.Debug|x86.ActiveCfg = Debug|x86
		{153DEAB8-46B5-4C64-AF2F-40832543D617}.Debug|x86.Build.0 = Debug|x86
		{153DEAB8-46B5-4C64-AF2F-40832543D617}.Debug|Xbox 360.ActiveCfg = Debug|Any CPU
		{153DEAB8-46B5-4C64-AF2F-40832543D617}.Release|Any CPU.ActiveCfg = Release|Any CPU
		{153DEAB8-46B5-4C64-AF2F-40832543D617}.Release|Any CPU.Build.0 = Release|Any CPU
		{153DEAB8-46B5-4C64-AF2F-40832543D617}.Release|Mixed Platforms.ActiveCfg = Release|Any CPU
		{153DEAB8-46B5-4C64-AF2F-40832543D617}.Release|Mixed Platforms.Build.0 = Release|Any CPU
		{153DEAB8-46B5-4C64-AF2F-40832543D617}.Release|x86.ActiveCfg = Release|Any CPU
		{153DEAB8-46B5-4C64-AF2F-40832543D617}.Release|Xbox 360.ActiveCfg = Release|Any CPU
		{68689047-5F04-43EE-9238-89D08FF757D4}.Debug|Any CPU.ActiveCfg = Debug|x86
		{68689047-5F04-43EE-9238-89D08FF757D4}.Debug|Mixed Platforms.ActiveCfg = Debug|x86
		{68689047-5F04-43EE-9238-89D08FF757D4}.Debug|x86.ActiveCfg = Debug|x86
		{68689047-5F04-43EE-9238-89D08FF757D4}.Debug|Xbox 360.ActiveCfg = Debug|x86
		{68689047-5F04-43EE-9238-89D08FF757D4}.Release|Any CPU.ActiveCfg = Release|x86
		{68689047-5F04-43EE-9238-89D08FF757D4}.Release|Mixed Platforms.ActiveCfg = Release|x86
		{68689047-5F04-43EE-9238-89D08FF757D4}.Release|x86.ActiveCfg = Release|x86
		{68689047-5F04-43EE-9238-89D08FF757D4}.Release|Xbox 360.ActiveCfg = Release|x86
	EndGlobalSection
	GlobalSection(SolutionProperties) = preSolution
		HideSolutionNode = FALSE
	EndGlobalSection
EndGlobal
